# Generated by pub
# See http://pub.dartlang.org/doc/glossary.html#lockfile
packages:
  args:
    description:
      name: args
      url: "https://pub.dartlang.org"
    source: hosted
    version: "0.13.7"
  path:
    description:
      name: path
      url: "https://pub.dartlang.org"
    source: hosted
    version: "1.4.1"
sdks:
  dart: ">=1.23.0 <2.0.0"
